
Microsoft Visual Studio Solution File, Format Version 12.00
# Visual Studio Version 16
VisualStudioVersion = 16.0.31613.86
MinimumVisualStudioVersion = 10.0.40219.1
Project("{2150E333-8FDC-42A3-9474-1A3956D46DE8}") = "src", "src", "{4FBEEC89-63FF-4E27-BBF3-9CB48CF5B78A}"
EndProject
Project("{2150E333-8FDC-42A3-9474-1A3956D46DE8}") = "tests", "tests", "{CA539F39-C27F-4009-88B5-948B61C7AF7F}"
EndProject
Project("{9A19103F-16F7-4668-BE54-9A1E7A4F7556}") = "Chatter.Core", "src\Chatter.Core\Chatter.Core.csproj", "{233DF0D4-A87C-40B9-A012-687F1E5AE482}"
EndProject
Project("{9A19103F-16F7-4668-BE54-9A1E7A4F7556}") = "Chatter.Infrastructure", "src\Chatter.Infrastructure\Chatter.Infrastructure.csproj", "{4EA2F5E8-15CA-4D27-A553-56273B157D0C}"
	ProjectSection(ProjectDependencies) = postProject
		{233DF0D4-A87C-40B9-A012-687F1E5AE482} = {233DF0D4-A87C-40B9-A012-687F1E5AE482}
	EndProjectSection
EndProject
Project("{9A19103F-16F7-4668-BE54-9A1E7A4F7556}") = "Chatter.Api", "src\Chatter.Api\Chatter.Api.csproj", "{0151FC4A-6C17-4DAC-86ED-B2EADE293DD9}"
	ProjectSection(ProjectDependencies) = postProject
		{4EA2F5E8-15CA-4D27-A553-56273B157D0C} = {4EA2F5E8-15CA-4D27-A553-56273B157D0C}
	EndProjectSection
EndProject
Project("{FAE04EC0-301F-11D3-BF4B-00C04F79EFBC}") = "Chatter.Core.UnitTests", "tests\Chatter.Core.UnitTests\Chatter.Core.UnitTests.csproj", "{B4666CE2-3260-48DD-A44E-D83E205BAB95}"
EndProject
Global
	GlobalSection(SolutionConfigurationPlatforms) = preSolution
		Debug|Any CPU = Debug|Any CPU
		Release|Any CPU = Release|Any CPU
	EndGlobalSection
	GlobalSection(ProjectConfigurationPlatforms) = postSolution
		{233DF0D4-A87C-40B9-A012-687F1E5AE482}.Debug|Any CPU.ActiveCfg = Debug|Any CPU
		{233DF0D4-A87C-40B9-A012-687F1E5AE482}.Debug|Any CPU.Build.0 = Debug|Any CPU
		{233DF0D4-A87C-40B9-A012-687F1E5AE482}.Release|Any CPU.ActiveCfg = Release|Any CPU
		{233DF0D4-A87C-40B9-A012-687F1E5AE482}.Release|Any CPU.Build.0 = Release|Any CPU
		{4EA2F5E8-15CA-4D27-A553-56273B157D0C}.Debug|Any CPU.ActiveCfg = Debug|Any CPU
		{4EA2F5E8-15CA-4D27-A553-56273B157D0C}.Debug|Any CPU.Build.0 = Debug|Any CPU
		{4EA2F5E8-15CA-4D27-A553-56273B157D0C}.Release|Any CPU.ActiveCfg = Release|Any CPU
		{4EA2F5E8-15CA-4D27-A553-56273B157D0C}.Release|Any CPU.Build.0 = Release|Any CPU
		{0151FC4A-6C17-4DAC-86ED-B2EADE293DD9}.Debug|Any CPU.ActiveCfg = Debug|Any CPU
		{0151FC4A-6C17-4DAC-86ED-B2EADE293DD9}.Debug|Any CPU.Build.0 = Debug|Any CPU
		{0151FC4A-6C17-4DAC-86ED-B2EADE293DD9}.Release|Any CPU.ActiveCfg = Release|Any CPU
		{0151FC4A-6C17-4DAC-86ED-B2EADE293DD9}.Release|Any CPU.Build.0 = Release|Any CPU
		{B4666CE2-3260-48DD-A44E-D83E205BAB95}.Debug|Any CPU.ActiveCfg = Debug|Any CPU
		{B4666CE2-3260-48DD-A44E-D83E205BAB95}.Debug|Any CPU.Build.0 = Debug|Any CPU
		{B4666CE2-3260-48DD-A44E-D83E205BAB95}.Release|Any CPU.ActiveCfg = Release|Any CPU
		{B4666CE2-3260-48DD-A44E-D83E205BAB95}.Release|Any CPU.Build.0 = Release|Any CPU
	EndGlobalSection
	GlobalSection(SolutionProperties) = preSolution
		HideSolutionNode = FALSE
	EndGlobalSection
	GlobalSection(NestedProjects) = preSolution
		{233DF0D4-A87C-40B9-A012-687F1E5AE482} = {4FBEEC89-63FF-4E27-BBF3-9CB48CF5B78A}
		{4EA2F5E8-15CA-4D27-A553-56273B157D0C} = {4FBEEC89-63FF-4E27-BBF3-9CB48CF5B78A}
		{0151FC4A-6C17-4DAC-86ED-B2EADE293DD9} = {4FBEEC89-63FF-4E27-BBF3-9CB48CF5B78A}
		{B4666CE2-3260-48DD-A44E-D83E205BAB95} = {CA539F39-C27F-4009-88B5-948B61C7AF7F}
	EndGlobalSection
	GlobalSection(ExtensibilityGlobals) = postSolution
		SolutionGuid = {BD0A56A9-D6A4-46EA-914D-0BEED1694A86}
	EndGlobalSection
EndGlobal
